// !$*UTF8*$!
{
	archiveVersion = 1;
	classes = {
	};
	objectVersion = 46;
	objects = {

/* Begin PBXBuildFile section */
		103AC02E16DC5A4A00EF4C91 /* Event.m in Sources */ = {isa = PBXBuildFile; fileRef = 103AC02B16DC5A4A00EF4C91 /* Event.m */; };
		103AC02F16DC5A4A00EF4C91 /* EventTestDrive.m in Sources */ = {isa = PBXBuildFile; fileRef = 103AC02D16DC5A4A00EF4C91 /* EventTestDrive.m */; };
		103AC03616DC61FA00EF4C91 /* TestEventViewPageController.m in Sources */ = {isa = PBXBuildFile; fileRef = 103AC03516DC61FA00EF4C91 /* TestEventViewPageController.m */; };
		B94614AD16D37DC800D9F1ED /* UIKit.framework in Frameworks */ = {isa = PBXBuildFile; fileRef = B94614AC16D37DC800D9F1ED /* UIKit.framework */; };
		B94614AF16D37DC800D9F1ED /* Foundation.framework in Frameworks */ = {isa = PBXBuildFile; fileRef = B94614AE16D37DC800D9F1ED /* Foundation.framework */; };
		B94614B116D37DC800D9F1ED /* CoreGraphics.framework in Frameworks */ = {isa = PBXBuildFile; fileRef = B94614B016D37DC800D9F1ED /* CoreGraphics.framework */; };
		B94614B716D37DC800D9F1ED /* InfoPlist.strings in Resources */ = {isa = PBXBuildFile; fileRef = B94614B516D37DC800D9F1ED /* InfoPlist.strings */; };
		B94614B916D37DC800D9F1ED /* main.m in Sources */ = {isa = PBXBuildFile; fileRef = B94614B816D37DC800D9F1ED /* main.m */; };
		B94614BD16D37DC800D9F1ED /* AppDelegate.m in Sources */ = {isa = PBXBuildFile; fileRef = B94614BC16D37DC800D9F1ED /* AppDelegate.m */; };
		B94614BF16D37DC800D9F1ED /* Default.png in Resources */ = {isa = PBXBuildFile; fileRef = B94614BE16D37DC800D9F1ED /* Default.png */; };
		B94614C116D37DC800D9F1ED /* Default@2x.png in Resources */ = {isa = PBXBuildFile; fileRef = B94614C016D37DC800D9F1ED /* Default@2x.png */; };
		B94614C316D37DC800D9F1ED /* Default-568h@2x.png in Resources */ = {isa = PBXBuildFile; fileRef = B94614C216D37DC800D9F1ED /* Default-568h@2x.png */; };
		B94614C616D37DC800D9F1ED /* RootViewController.m in Sources */ = {isa = PBXBuildFile; fileRef = B94614C516D37DC800D9F1ED /* RootViewController.m */; };
		B94614C916D37DC800D9F1ED /* DataViewController.m in Sources */ = {isa = PBXBuildFile; fileRef = B94614C816D37DC800D9F1ED /* DataViewController.m */; };
		B94614CC16D37DC800D9F1ED /* ModelController.m in Sources */ = {isa = PBXBuildFile; fileRef = B94614CB16D37DC800D9F1ED /* ModelController.m */; };
		B94614CF16D37DC800D9F1ED /* MainStoryboard.storyboard in Resources */ = {isa = PBXBuildFile; fileRef = B94614CD16D37DC800D9F1ED /* MainStoryboard.storyboard */; };
		B94614D616D37DDB00D9F1ED /* QuartzCore.framework in Frameworks */ = {isa = PBXBuildFile; fileRef = B94614D516D37DDB00D9F1ED /* QuartzCore.framework */; };
/* End PBXBuildFile section */

/* Begin PBXFileReference section */
		103AC02A16DC5A4A00EF4C91 /* Event.h */ = {isa = PBXFileReference; fileEncoding = 4; lastKnownFileType = sourcecode.c.h; name = Event.h; path = ../Event.h; sourceTree = "<group>"; };
		103AC02B16DC5A4A00EF4C91 /* Event.m */ = {isa = PBXFileReference; fileEncoding = 4; lastKnownFileType = sourcecode.c.objc; name = Event.m; path = ../Event.m; sourceTree = "<group>"; };
		103AC02C16DC5A4A00EF4C91 /* EventTestDrive.h */ = {isa = PBXFileReference; fileEncoding = 4; lastKnownFileType = sourcecode.c.h; name = EventTestDrive.h; path = ../EventTestDrive.h; sourceTree = "<group>"; };
		103AC02D16DC5A4A00EF4C91 /* EventTestDrive.m */ = {isa = PBXFileReference; fileEncoding = 4; lastKnownFileType = sourcecode.c.objc; name = EventTestDrive.m; path = ../EventTestDrive.m; sourceTree = "<group>"; };
		103AC03416DC61FA00EF4C91 /* TestEventViewPageController.h */ = {isa = PBXFileReference; fileEncoding = 4; lastKnownFileType = sourcecode.c.h; path = TestEventViewPageController.h; sourceTree = "<group>"; };
		103AC03516DC61FA00EF4C91 /* TestEventViewPageController.m */ = {isa = PBXFileReference; fileEncoding = 4; lastKnownFileType = sourcecode.c.objc; path = TestEventViewPageController.m; sourceTree = "<group>"; };
		B94614A816D37DC800D9F1ED /* ClickTheCampus.app */ = {isa = PBXFileReference; explicitFileType = wrapper.application; includeInIndex = 0; path = ClickTheCampus.app; sourceTree = BUILT_PRODUCTS_DIR; };
		B94614AC16D37DC800D9F1ED /* UIKit.framework */ = {isa = PBXFileReference; lastKnownFileType = wrapper.framework; name = UIKit.framework; path = System/Library/Frameworks/UIKit.framework; sourceTree = SDKROOT; };
		B94614AE16D37DC800D9F1ED /* Foundation.framework */ = {isa = PBXFileReference; lastKnownFileType = wrapper.framework; name = Foundation.framework; path = System/Library/Frameworks/Foundation.framework; sourceTree = SDKROOT; };
		B94614B016D37DC800D9F1ED /* CoreGraphics.framework */ = {isa = PBXFileReference; lastKnownFileType = wrapper.framework; name = CoreGraphics.framework; path = System/Library/Frameworks/CoreGraphics.framework; sourceTree = SDKROOT; };
		B94614B416D37DC800D9F1ED /* ClickTheCampus-Info.plist */ = {isa = PBXFileReference; lastKnownFileType = text.plist.xml; path = "ClickTheCampus-Info.plist"; sourceTree = "<group>"; };
		B94614B616D37DC800D9F1ED /* en */ = {isa = PBXFileReference; lastKnownFileType = text.plist.strings; name = en; path = en.lproj/InfoPlist.strings; sourceTree = "<group>"; };
		B94614B816D37DC800D9F1ED /* main.m */ = {isa = PBXFileReference; lastKnownFileType = sourcecode.c.objc; path = main.m; sourceTree = "<group>"; };
		B94614BA16D37DC800D9F1ED /* ClickTheCampus-Prefix.pch */ = {isa = PBXFileReference; lastKnownFileType = sourcecode.c.h; path = "ClickTheCampus-Prefix.pch"; sourceTree = "<group>"; };
		B94614BB16D37DC800D9F1ED /* AppDelegate.h */ = {isa = PBXFileReference; lastKnownFileType = sourcecode.c.h; path = AppDelegate.h; sourceTree = "<group>"; };
		B94614BC16D37DC800D9F1ED /* AppDelegate.m */ = {isa = PBXFileReference; lastKnownFileType = sourcecode.c.objc; path = AppDelegate.m; sourceTree = "<group>"; };
		B94614BE16D37DC800D9F1ED /* Default.png */ = {isa = PBXFileReference; lastKnownFileType = image.png; path = Default.png; sourceTree = "<group>"; };
		B94614C016D37DC800D9F1ED /* Default@2x.png */ = {isa = PBXFileReference; lastKnownFileType = image.png; path = "Default@2x.png"; sourceTree = "<group>"; };
		B94614C216D37DC800D9F1ED /* Default-568h@2x.png */ = {isa = PBXFileReference; lastKnownFileType = image.png; path = "Default-568h@2x.png"; sourceTree = "<group>"; };
		B94614C416D37DC800D9F1ED /* RootViewController.h */ = {isa = PBXFileReference; lastKnownFileType = sourcecode.c.h; path = RootViewController.h; sourceTree = "<group>"; };
		B94614C516D37DC800D9F1ED /* RootViewController.m */ = {isa = PBXFileReference; lastKnownFileType = sourcecode.c.objc; path = RootViewController.m; sourceTree = "<group>"; };
		B94614C716D37DC800D9F1ED /* DataViewController.h */ = {isa = PBXFileReference; lastKnownFileType = sourcecode.c.h; path = DataViewController.h; sourceTree = "<group>"; };
		B94614C816D37DC800D9F1ED /* DataViewController.m */ = {isa = PBXFileReference; lastKnownFileType = sourcecode.c.objc; path = DataViewController.m; sourceTree = "<group>"; };
		B94614CA16D37DC800D9F1ED /* ModelController.h */ = {isa = PBXFileReference; lastKnownFileType = sourcecode.c.h; path = ModelController.h; sourceTree = "<group>"; };
		B94614CB16D37DC800D9F1ED /* ModelController.m */ = {isa = PBXFileReference; lastKnownFileType = sourcecode.c.objc; path = ModelController.m; sourceTree = "<group>"; };
		B94614CE16D37DC800D9F1ED /* en */ = {isa = PBXFileReference; lastKnownFileType = file.storyboard; name = en; path = en.lproj/MainStoryboard.storyboard; sourceTree = "<group>"; };
		B94614D516D37DDB00D9F1ED /* QuartzCore.framework */ = {isa = PBXFileReference; lastKnownFileType = wrapper.framework; name = QuartzCore.framework; path = System/Library/Frameworks/QuartzCore.framework; sourceTree = SDKROOT; };
		B94614D816D37E3B00D9F1ED /* MPAnimation.h */ = {isa = PBXFileReference; lastKnownFileType = sourcecode.c.h; path = MPAnimation.h; sourceTree = "<group>"; };
		B94614D916D37E3B00D9F1ED /* MPAnimation.m */ = {isa = PBXFileReference; lastKnownFileType = sourcecode.c.objc; path = MPAnimation.m; sourceTree = "<group>"; };
		B94614DA16D37E3B00D9F1ED /* MPFlipEnumerations.h */ = {isa = PBXFileReference; lastKnownFileType = sourcecode.c.h; path = MPFlipEnumerations.h; sourceTree = "<group>"; };
		B94614DB16D37E3B00D9F1ED /* MPFlipTransition.h */ = {isa = PBXFileReference; lastKnownFileType = sourcecode.c.h; path = MPFlipTransition.h; sourceTree = "<group>"; };
		B94614DC16D37E3B00D9F1ED /* MPFlipTransition.m */ = {isa = PBXFileReference; lastKnownFileType = sourcecode.c.objc; path = MPFlipTransition.m; sourceTree = "<group>"; };
		B94614DD16D37E3B00D9F1ED /* MPFoldEnumerations.h */ = {isa = PBXFileReference; lastKnownFileType = sourcecode.c.h; path = MPFoldEnumerations.h; sourceTree = "<group>"; };
		B94614DE16D37E3B00D9F1ED /* MPFoldTransition.h */ = {isa = PBXFileReference; lastKnownFileType = sourcecode.c.h; path = MPFoldTransition.h; sourceTree = "<group>"; };
		B94614DF16D37E3B00D9F1ED /* MPFoldTransition.m */ = {isa = PBXFileReference; lastKnownFileType = sourcecode.c.objc; path = MPFoldTransition.m; sourceTree = "<group>"; };
		B94614E016D37E3B00D9F1ED /* MPTransition.h */ = {isa = PBXFileReference; lastKnownFileType = sourcecode.c.h; path = MPTransition.h; sourceTree = "<group>"; };
		B94614E116D37E3B00D9F1ED /* MPTransition.m */ = {isa = PBXFileReference; lastKnownFileType = sourcecode.c.objc; path = MPTransition.m; sourceTree = "<group>"; };
		B94614E216D37E3B00D9F1ED /* MPTransitionEnumerations.h */ = {isa = PBXFileReference; lastKnownFileType = sourcecode.c.h; path = MPTransitionEnumerations.h; sourceTree = "<group>"; };
		B94614E416D37E3B00D9F1ED /* MPFlipSegue.h */ = {isa = PBXFileReference; lastKnownFileType = sourcecode.c.h; path = MPFlipSegue.h; sourceTree = "<group>"; };
		B94614E516D37E3B00D9F1ED /* MPFlipSegue.m */ = {isa = PBXFileReference; lastKnownFileType = sourcecode.c.objc; path = MPFlipSegue.m; sourceTree = "<group>"; };
		B94614E616D37E3B00D9F1ED /* MPFoldModalSegue.h */ = {isa = PBXFileReference; lastKnownFileType = sourcecode.c.h; path = MPFoldModalSegue.h; sourceTree = "<group>"; };
		B94614E716D37E3B00D9F1ED /* MPFoldModalSegue.m */ = {isa = PBXFileReference; lastKnownFileType = sourcecode.c.objc; path = MPFoldModalSegue.m; sourceTree = "<group>"; };
		B94614E816D37E3B00D9F1ED /* MPFoldNavPopSegue.h */ = {isa = PBXFileReference; lastKnownFileType = sourcecode.c.h; path = MPFoldNavPopSegue.h; sourceTree = "<group>"; };
		B94614E916D37E3B00D9F1ED /* MPFoldNavPopSegue.m */ = {isa = PBXFileReference; lastKnownFileType = sourcecode.c.objc; path = MPFoldNavPopSegue.m; sourceTree = "<group>"; };
		B94614EA16D37E3B00D9F1ED /* MPFoldNavPushSegue.h */ = {isa = PBXFileReference; lastKnownFileType = sourcecode.c.h; path = MPFoldNavPushSegue.h; sourceTree = "<group>"; };
		B94614EB16D37E3B00D9F1ED /* MPFoldNavPushSegue.m */ = {isa = PBXFileReference; lastKnownFileType = sourcecode.c.objc; path = MPFoldNavPushSegue.m; sourceTree = "<group>"; };
		B94614EC16D37E3B00D9F1ED /* MPFoldSegue.h */ = {isa = PBXFileReference; lastKnownFileType = sourcecode.c.h; path = MPFoldSegue.h; sourceTree = "<group>"; };
		B94614ED16D37E3B00D9F1ED /* MPFoldSegue.m */ = {isa = PBXFileReference; lastKnownFileType = sourcecode.c.objc; path = MPFoldSegue.m; sourceTree = "<group>"; };
/* End PBXFileReference section */

/* Begin PBXFrameworksBuildPhase section */
		B94614A516D37DC800D9F1ED /* Frameworks */ = {
			isa = PBXFrameworksBuildPhase;
			buildActionMask = 2147483647;
			files = (
				B94614D616D37DDB00D9F1ED /* QuartzCore.framework in Frameworks */,
				B94614AD16D37DC800D9F1ED /* UIKit.framework in Frameworks */,
				B94614AF16D37DC800D9F1ED /* Foundation.framework in Frameworks */,
				B94614B116D37DC800D9F1ED /* CoreGraphics.framework in Frameworks */,
			);
			runOnlyForDeploymentPostprocessing = 0;
		};
/* End PBXFrameworksBuildPhase section */

/* Begin PBXGroup section */
		B946149D16D37DC800D9F1ED = {
			isa = PBXGroup;
			children = (
				B94614B216D37DC800D9F1ED /* ClickTheCampus */,
				B94614D716D37E3B00D9F1ED /* MPFoldTransition */,
				B94614AB16D37DC800D9F1ED /* Frameworks */,
				B94614A916D37DC800D9F1ED /* Products */,
			);
			sourceTree = "<group>";
		};
		B94614A916D37DC800D9F1ED /* Products */ = {
			isa = PBXGroup;
			children = (
				B94614A816D37DC800D9F1ED /* ClickTheCampus.app */,
			);
			name = Products;
			sourceTree = "<group>";
		};
		B94614AB16D37DC800D9F1ED /* Frameworks */ = {
			isa = PBXGroup;
			children = (
				B94614D516D37DDB00D9F1ED /* QuartzCore.framework */,
				B94614AC16D37DC800D9F1ED /* UIKit.framework */,
				B94614AE16D37DC800D9F1ED /* Foundation.framework */,
				B94614B016D37DC800D9F1ED /* CoreGraphics.framework */,
			);
			name = Frameworks;
			sourceTree = "<group>";
		};
		B94614B216D37DC800D9F1ED /* ClickTheCampus */ = {
			isa = PBXGroup;
			children = (
				B94614BB16D37DC800D9F1ED /* AppDelegate.h */,
				B94614BC16D37DC800D9F1ED /* AppDelegate.m */,
				B94614C416D37DC800D9F1ED /* RootViewController.h */,
				B94614C516D37DC800D9F1ED /* RootViewController.m */,
				B94614C716D37DC800D9F1ED /* DataViewController.h */,
				B94614C816D37DC800D9F1ED /* DataViewController.m */,
				B94614CA16D37DC800D9F1ED /* ModelController.h */,
				B94614CB16D37DC800D9F1ED /* ModelController.m */,
				B94614CD16D37DC800D9F1ED /* MainStoryboard.storyboard */,
				103AC03416DC61FA00EF4C91 /* TestEventViewPageController.h */,
				103AC03516DC61FA00EF4C91 /* TestEventViewPageController.m */,
				B94614B316D37DC800D9F1ED /* Supporting Files */,
			);
			path = ClickTheCampus;
			sourceTree = "<group>";
		};
		B94614B316D37DC800D9F1ED /* Supporting Files */ = {
			isa = PBXGroup;
			children = (
				103AC02A16DC5A4A00EF4C91 /* Event.h */,
				103AC02B16DC5A4A00EF4C91 /* Event.m */,
				103AC02C16DC5A4A00EF4C91 /* EventTestDrive.h */,
				103AC02D16DC5A4A00EF4C91 /* EventTestDrive.m */,
				B94614B416D37DC800D9F1ED /* ClickTheCampus-Info.plist */,
				B94614B516D37DC800D9F1ED /* InfoPlist.strings */,
				B94614B816D37DC800D9F1ED /* main.m */,
				B94614BA16D37DC800D9F1ED /* ClickTheCampus-Prefix.pch */,
				B94614BE16D37DC800D9F1ED /* Default.png */,
				B94614C016D37DC800D9F1ED /* Default@2x.png */,
				B94614C216D37DC800D9F1ED /* Default-568h@2x.png */,
			);
			name = "Supporting Files";
			sourceTree = "<group>";
		};
		B94614D716D37E3B00D9F1ED /* MPFoldTransition */ = {
			isa = PBXGroup;
			children = (
				B94614D816D37E3B00D9F1ED /* MPAnimation.h */,
				B94614D916D37E3B00D9F1ED /* MPAnimation.m */,
				B94614DA16D37E3B00D9F1ED /* MPFlipEnumerations.h */,
				B94614DB16D37E3B00D9F1ED /* MPFlipTransition.h */,
				B94614DC16D37E3B00D9F1ED /* MPFlipTransition.m */,
				B94614DD16D37E3B00D9F1ED /* MPFoldEnumerations.h */,
				B94614DE16D37E3B00D9F1ED /* MPFoldTransition.h */,
				B94614DF16D37E3B00D9F1ED /* MPFoldTransition.m */,
				B94614E016D37E3B00D9F1ED /* MPTransition.h */,
				B94614E116D37E3B00D9F1ED /* MPTransition.m */,
				B94614E216D37E3B00D9F1ED /* MPTransitionEnumerations.h */,
				B94614E316D37E3B00D9F1ED /* Segues */,
			);
			name = MPFoldTransition;
			path = "/Volumes/EVA/MPFoldTransition-master/MPFoldTransition/MPFoldTransition";
			sourceTree = "<absolute>";
		};
		B94614E316D37E3B00D9F1ED /* Segues */ = {
			isa = PBXGroup;
			children = (
				B94614E416D37E3B00D9F1ED /* MPFlipSegue.h */,
				B94614E516D37E3B00D9F1ED /* MPFlipSegue.m */,
				B94614E616D37E3B00D9F1ED /* MPFoldModalSegue.h */,
				B94614E716D37E3B00D9F1ED /* MPFoldModalSegue.m */,
				B94614E816D37E3B00D9F1ED /* MPFoldNavPopSegue.h */,
				B94614E916D37E3B00D9F1ED /* MPFoldNavPopSegue.m */,
				B94614EA16D37E3B00D9F1ED /* MPFoldNavPushSegue.h */,
				B94614EB16D37E3B00D9F1ED /* MPFoldNavPushSegue.m */,
				B94614EC16D37E3B00D9F1ED /* MPFoldSegue.h */,
				B94614ED16D37E3B00D9F1ED /* MPFoldSegue.m */,
			);
			path = Segues;
			sourceTree = "<group>";
		};
/* End PBXGroup section */

/* Begin PBXNativeTarget section */
		B94614A716D37DC800D9F1ED /* ClickTheCampus */ = {
			isa = PBXNativeTarget;
			buildConfigurationList = B94614D216D37DC800D9F1ED /* Build configuration list for PBXNativeTarget "ClickTheCampus" */;
			buildPhases = (
				B94614A416D37DC800D9F1ED /* Sources */,
				B94614A516D37DC800D9F1ED /* Frameworks */,
				B94614A616D37DC800D9F1ED /* Resources */,
			);
			buildRules = (
			);
			dependencies = (
			);
			name = ClickTheCampus;
			productName = ClickTheCampus;
			productReference = B94614A816D37DC800D9F1ED /* ClickTheCampus.app */;
			productType = "com.apple.product-type.application";
		};
/* End PBXNativeTarget section */

/* Begin PBXProject section */
		B946149F16D37DC800D9F1ED /* Project object */ = {
			isa = PBXProject;
			attributes = {
				LastUpgradeCheck = 0450;
				ORGANIZATIONNAME = "Ateneo Fine Arts";
			};
			buildConfigurationList = B94614A216D37DC800D9F1ED /* Build configuration list for PBXProject "ClickTheCampus" */;
			compatibilityVersion = "Xcode 3.2";
			developmentRegion = English;
			hasScannedForEncodings = 0;
			knownRegions = (
				en,
			);
			mainGroup = B946149D16D37DC800D9F1ED;
			productRefGroup = B94614A916D37DC800D9F1ED /* Products */;
			projectDirPath = "";
			projectRoot = "";
			targets = (
				B94614A716D37DC800D9F1ED /* ClickTheCampus */,
			);
		};
/* End PBXProject section */

/* Begin PBXResourcesBuildPhase section */
		B94614A616D37DC800D9F1ED /* Resources */ = {
			isa = PBXResourcesBuildPhase;
			buildActionMask = 2147483647;
			files = (
				B94614B716D37DC800D9F1ED /* InfoPlist.strings in Resources */,
				B94614BF16D37DC800D9F1ED /* Default.png in Resources */,
				B94614C116D37DC800D9F1ED /* Default@2x.png in Resources */,
				B94614C316D37DC800D9F1ED /* Default-568h@2x.png in Resources */,
				B94614CF16D37DC800D9F1ED /* MainStoryboard.storyboard in Resources */,
			);
			runOnlyForDeploymentPostprocessing = 0;
		};
/* End PBXResourcesBuildPhase section */

/* Begin PBXSourcesBuildPhase section */
		B94614A416D37DC800D9F1ED /* Sources */ = {
			isa = PBXSourcesBuildPhase;
			buildActionMask = 2147483647;
			files = (
				B94614B916D37DC800D9F1ED /* main.m in Sources */,
				B94614BD16D37DC800D9F1ED /* AppDelegate.m in Sources */,
				B94614C616D37DC800D9F1ED /* RootViewController.m in Sources */,
				B94614C916D37DC800D9F1ED /* DataViewController.m in Sources */,
				B94614CC16D37DC800D9F1ED /* ModelController.m in Sources */,
				103AC02E16DC5A4A00EF4C91 /* Event.m in Sources */,
				103AC02F16DC5A4A00EF4C91 /* EventTestDrive.m in Sources */,
				103AC03616DC61FA00EF4C91 /* TestEventViewPageController.m in Sources */,
			);
			runOnlyForDeploymentPostprocessing = 0;
		};
/* End PBXSourcesBuildPhase section */

/* Begin PBXVariantGroup section */
		B94614B516D37DC800D9F1ED /* InfoPlist.strings */ = {
			isa = PBXVariantGroup;
			children = (
				B94614B616D37DC800D9F1ED /* en */,
			);
			name = InfoPlist.strings;
			sourceTree = "<group>";
		};
		B94614CD16D37DC800D9F1ED /* MainStoryboard.storyboard */ = {
			isa = PBXVariantGroup;
			children = (
				B94614CE16D37DC800D9F1ED /* en */,
			);
			name = MainStoryboard.storyboard;
			sourceTree = "<group>";
		};
/* End PBXVariantGroup section */

/* Begin XCBuildConfiguration section */
		B94614D016D37DC800D9F1ED /* Debug */ = {
			isa = XCBuildConfiguration;
			buildSettings = {
				ALWAYS_SEARCH_USER_PATHS = NO;
				CLANG_CXX_LANGUAGE_STANDARD = "gnu++0x";
				CLANG_CXX_LIBRARY = "libc++";
				CLANG_ENABLE_OBJC_ARC = YES;
				CLANG_WARN_EMPTY_BODY = YES;
				CLANG_WARN__DUPLICATE_METHOD_MATCH = YES;
				"CODE_SIGN_IDENTITY[sdk=iphoneos*]" = "iPhone Developer";
				COPY_PHASE_STRIP = NO;
				GCC_C_LANGUAGE_STANDARD = gnu99;
				GCC_DYNAMIC_NO_PIC = NO;
				GCC_OPTIMIZATION_LEVEL = 0;
				GCC_PREPROCESSOR_DEFINITIONS = (
					"DEBUG=1",
					"$(inherited)",
				);
				GCC_SYMBOLS_PRIVATE_EXTERN = NO;
				GCC_WARN_ABOUT_RETURN_TYPE = YES;
				GCC_WARN_UNINITIALIZED_AUTOS = YES;
				GCC_WARN_UNUSED_VARIABLE = YES;
				IPHONEOS_DEPLOYMENT_TARGET = 6.0;
				ONLY_ACTIVE_ARCH = YES;
				SDKROOT = iphoneos;
			};
			name = Debug;
		};
		B94614D116D37DC800D9F1ED /* Release */ = {
			isa = XCBuildConfiguration;
			buildSettings = {
				ALWAYS_SEARCH_USER_PATHS = NO;
				CLANG_CXX_LANGUAGE_STANDARD = "gnu++0x";
				CLANG_CXX_LIBRARY = "libc++";
				CLANG_ENABLE_OBJC_ARC = YES;
				CLANG_WARN_EMPTY_BODY = YES;
				CLANG_WARN__DUPLICATE_METHOD_MATCH = YES;
				"CODE_SIGN_IDENTITY[sdk=iphoneos*]" = "iPhone Developer";
				COPY_PHASE_STRIP = YES;
				GCC_C_LANGUAGE_STANDARD = gnu99;
				GCC_WARN_ABOUT_RETURN_TYPE = YES;
				GCC_WARN_UNINITIALIZED_AUTOS = YES;
				GCC_WARN_UNUSED_VARIABLE = YES;
				IPHONEOS_DEPLOYMENT_TARGET = 6.0;
				OTHER_CFLAGS = "-DNS_BLOCK_ASSERTIONS=1";
				SDKROOT = iphoneos;
				VALIDATE_PRODUCT = YES;
			};
			name = Release;
		};
		B94614D316D37DC800D9F1ED /* Debug */ = {
			isa = XCBuildConfiguration;
			buildSettings = {
				GCC_PRECOMPILE_PREFIX_HEADER = YES;
				GCC_PREFIX_HEADER = "ClickTheCampus/ClickTheCampus-Prefix.pch";
				INFOPLIST_FILE = "ClickTheCampus/ClickTheCampus-Info.plist";
				PRODUCT_NAME = "$(TARGET_NAME)";
				WRAPPER_EXTENSION = app;
			};
			name = Debug;
		};
		B94614D416D37DC800D9F1ED /* Release */ = {
			isa = XCBuildConfiguration;
			buildSettings = {
				GCC_PRECOMPILE_PREFIX_HEADER = YES;
				GCC_PREFIX_HEADER = "ClickTheCampus/ClickTheCampus-Prefix.pch";
				INFOPLIST_FILE = "ClickTheCampus/ClickTheCampus-Info.plist";
				PRODUCT_NAME = "$(TARGET_NAME)";
				WRAPPER_EXTENSION = app;
			};
			name = Release;
		};
/* End XCBuildConfiguration section */

/* Begin XCConfigurationList section */
		B94614A216D37DC800D9F1ED /* Build configuration list for PBXProject "ClickTheCampus" */ = {
			isa = XCConfigurationList;
			buildConfigurations = (
				B94614D016D37DC800D9F1ED /* Debug */,
				B94614D116D37DC800D9F1ED /* Release */,
			);
			defaultConfigurationIsVisible = 0;
			defaultConfigurationName = Release;
		};
		B94614D216D37DC800D9F1ED /* Build configuration list for PBXNativeTarget "ClickTheCampus" */ = {
			isa = XCConfigurationList;
			buildConfigurations = (
				B94614D316D37DC800D9F1ED /* Debug */,
				B94614D416D37DC800D9F1ED /* Release */,
			);
			defaultConfigurationIsVisible = 0;
			defaultConfigurationName = Release;
		};
/* End XCConfigurationList section */
	};
	rootObject = B946149F16D37DC800D9F1ED /* Project object */;
}
